
Microsoft Visual Studio Solution File, Format Version 12.00
# Visual Studio Version 16
VisualStudioVersion = 16.0.31424.327
MinimumVisualStudioVersion = 10.0.40219.1
Project("{FAE04EC0-301F-11D3-BF4B-00C04F79EFBC}") = "class 2 studio counting charcters", "class 2 studio counting charcters.csproj", "{8909959B-0A84-469D-BEB8-15B701644D2F}"
EndProject
Global
	GlobalSection(SolutionConfigurationPlatforms) = preSolution
		Debug|Any CPU = Debug|Any CPU
		Release|Any CPU = Release|Any CPU
	EndGlobalSection
	GlobalSection(ProjectConfigurationPlatforms) = postSolution
		{8909959B-0A84-469D-BEB8-15B701644D2F}.Debug|Any CPU.ActiveCfg = Debug|Any CPU
		{8909959B-0A84-469D-BEB8-15B701644D2F}.Debug|Any CPU.Build.0 = Debug|Any CPU
		{8909959B-0A84-469D-BEB8-15B701644D2F}.Release|Any CPU.ActiveCfg = Release|Any CPU
		{8909959B-0A84-469D-BEB8-15B701644D2F}.Release|Any CPU.Build.0 = Release|Any CPU
	EndGlobalSection
	GlobalSection(SolutionProperties) = preSolution
		HideSolutionNode = FALSE
	EndGlobalSection
	GlobalSection(ExtensibilityGlobals) = postSolution
		SolutionGuid = {093A097A-B547-4D2F-9771-EB11DAF4148E}
	EndGlobalSection
EndGlobal
